
Microsoft Visual Studio Solution File, Format Version 12.00
# Visual Studio Version 17
VisualStudioVersion = 17.0.31903.59
MinimumVisualStudioVersion = 10.0.40219.1
Project("{FAE04EC0-301F-11D3-BF4B-00C04F79EFBC}") = "AestheticTechStore.Domain", "AestheticTechStore.Domain\AestheticTechStore.Domain.csproj", "{82A5677C-E116-4E99-A0A5-A2DA434D48AF}"
EndProject
Project("{FAE04EC0-301F-11D3-BF4B-00C04F79EFBC}") = "AestheticTechStore.Application", "AestheticTechStore.Application\AestheticTechStore.Application.csproj", "{EC68EC4B-DFB3-477F-8775-ACAB0B2727F8}"
EndProject
Project("{FAE04EC0-301F-11D3-BF4B-00C04F79EFBC}") = "AestheticTechStore.Infrastructure", "AestheticTechStore.Infrastructure\AestheticTechStore.Infrastructure.csproj", "{1CA40DC0-0BD2-4082-8F40-DDD01C305193}"
EndProject
Project("{FAE04EC0-301F-11D3-BF4B-00C04F79EFBC}") = "AestheticTechStore.Api", "AestheticTechStore.Api\AestheticTechStore.Api.csproj", "{74B81265-4AAC-4701-B1B9-7DE08952FB79}"
EndProject
Global
	GlobalSection(SolutionConfigurationPlatforms) = preSolution
		Debug|Any CPU = Debug|Any CPU
		Release|Any CPU = Release|Any CPU
	EndGlobalSection
	GlobalSection(SolutionProperties) = preSolution
		HideSolutionNode = FALSE
	EndGlobalSection
	GlobalSection(ProjectConfigurationPlatforms) = postSolution
		{82A5677C-E116-4E99-A0A5-A2DA434D48AF}.Debug|Any CPU.ActiveCfg = Debug|Any CPU
		{82A5677C-E116-4E99-A0A5-A2DA434D48AF}.Debug|Any CPU.Build.0 = Debug|Any CPU
		{82A5677C-E116-4E99-A0A5-A2DA434D48AF}.Release|Any CPU.ActiveCfg = Release|Any CPU
		{82A5677C-E116-4E99-A0A5-A2DA434D48AF}.Release|Any CPU.Build.0 = Release|Any CPU
		{EC68EC4B-DFB3-477F-8775-ACAB0B2727F8}.Debug|Any CPU.ActiveCfg = Debug|Any CPU
		{EC68EC4B-DFB3-477F-8775-ACAB0B2727F8}.Debug|Any CPU.Build.0 = Debug|Any CPU
		{EC68EC4B-DFB3-477F-8775-ACAB0B2727F8}.Release|Any CPU.ActiveCfg = Release|Any CPU
		{EC68EC4B-DFB3-477F-8775-ACAB0B2727F8}.Release|Any CPU.Build.0 = Release|Any CPU
		{1CA40DC0-0BD2-4082-8F40-DDD01C305193}.Debug|Any CPU.ActiveCfg = Debug|Any CPU
		{1CA40DC0-0BD2-4082-8F40-DDD01C305193}.Debug|Any CPU.Build.0 = Debug|Any CPU
		{1CA40DC0-0BD2-4082-8F40-DDD01C305193}.Release|Any CPU.ActiveCfg = Release|Any CPU
		{1CA40DC0-0BD2-4082-8F40-DDD01C305193}.Release|Any CPU.Build.0 = Release|Any CPU
		{74B81265-4AAC-4701-B1B9-7DE08952FB79}.Debug|Any CPU.ActiveCfg = Debug|Any CPU
		{74B81265-4AAC-4701-B1B9-7DE08952FB79}.Debug|Any CPU.Build.0 = Debug|Any CPU
		{74B81265-4AAC-4701-B1B9-7DE08952FB79}.Release|Any CPU.ActiveCfg = Release|Any CPU
		{74B81265-4AAC-4701-B1B9-7DE08952FB79}.Release|Any CPU.Build.0 = Release|Any CPU
	EndGlobalSection
EndGlobal
